// !$*UTF8*$!
{
	archiveVersion = 1;
	classes = {
	};
	objectVersion = 48;
	objects = {

/* Begin PBXBuildFile section */
		7421BFC01FF2EBBA00BD327F /* Marshal.framework in Frameworks */ = {isa = PBXBuildFile; fileRef = 7421BFBF1FF2EBBA00BD327F /* Marshal.framework */; };
		742CEADB1FEC811200E6B601 /* WikipediaArticle.swift in Sources */ = {isa = PBXBuildFile; fileRef = 742CEADA1FEC811200E6B601 /* WikipediaArticle.swift */; };
		7431DD551FE19E7800AFD512 /* Assets.xcassets in Resources */ = {isa = PBXBuildFile; fileRef = 7431DD541FE19E7800AFD512 /* Assets.xcassets */; };
		7431DD5C1FE19E7900AFD512 /* WikiMessage MessagesExtension.appex in Embed App Extensions */ = {isa = PBXBuildFile; fileRef = 7431DD5B1FE19E7900AFD512 /* WikiMessage MessagesExtension.appex */; settings = {ATTRIBUTES = (RemoveHeadersOnCopy, ); }; };
		7431DD611FE19E7900AFD512 /* Messages.framework in Frameworks */ = {isa = PBXBuildFile; fileRef = 7431DD601FE19E7900AFD512 /* Messages.framework */; };
		7431DD641FE19E7900AFD512 /* MessagesViewController.swift in Sources */ = {isa = PBXBuildFile; fileRef = 7431DD631FE19E7900AFD512 /* MessagesViewController.swift */; };
		7431DD671FE19E7900AFD512 /* MainInterface.storyboard in Resources */ = {isa = PBXBuildFile; fileRef = 7431DD651FE19E7900AFD512 /* MainInterface.storyboard */; };
		7431DD691FE19E7900AFD512 /* Assets.xcassets in Resources */ = {isa = PBXBuildFile; fileRef = 7431DD681FE19E7900AFD512 /* Assets.xcassets */; };
/* End PBXBuildFile section */

/* Begin PBXContainerItemProxy section */
		7431DD5D1FE19E7900AFD512 /* PBXContainerItemProxy */ = {
			isa = PBXContainerItemProxy;
			containerPortal = 7431DD4B1FE19E7800AFD512 /* Project object */;
			proxyType = 1;
			remoteGlobalIDString = 7431DD5A1FE19E7900AFD512;
			remoteInfo = "WikiMessage MessagesExtension";
		};
/* End PBXContainerItemProxy section */

/* Begin PBXCopyFilesBuildPhase section */
		7431DD701FE19E7900AFD512 /* Embed App Extensions */ = {
			isa = PBXCopyFilesBuildPhase;
			buildActionMask = 2147483647;
			dstPath = "";
			dstSubfolderSpec = 13;
			files = (
				7431DD5C1FE19E7900AFD512 /* WikiMessage MessagesExtension.appex in Embed App Extensions */,
			);
			name = "Embed App Extensions";
			runOnlyForDeploymentPostprocessing = 0;
		};
/* End PBXCopyFilesBuildPhase section */

/* Begin PBXFileReference section */
		7421BFBF1FF2EBBA00BD327F /* Marshal.framework */ = {isa = PBXFileReference; lastKnownFileType = wrapper.framework; name = Marshal.framework; path = Carthage/Build/Mac/Marshal.framework; sourceTree = "<group>"; };
		742CEADA1FEC811200E6B601 /* WikipediaArticle.swift */ = {isa = PBXFileReference; lastKnownFileType = sourcecode.swift; path = WikipediaArticle.swift; sourceTree = "<group>"; };
		7431DD511FE19E7800AFD512 /* WikiMessage.app */ = {isa = PBXFileReference; explicitFileType = wrapper.application; includeInIndex = 0; path = WikiMessage.app; sourceTree = BUILT_PRODUCTS_DIR; };
		7431DD541FE19E7800AFD512 /* Assets.xcassets */ = {isa = PBXFileReference; lastKnownFileType = folder.assetcatalog; path = Assets.xcassets; sourceTree = "<group>"; };
		7431DD561FE19E7800AFD512 /* Info.plist */ = {isa = PBXFileReference; lastKnownFileType = text.plist.xml; path = Info.plist; sourceTree = "<group>"; };
		7431DD5B1FE19E7900AFD512 /* WikiMessage MessagesExtension.appex */ = {isa = PBXFileReference; explicitFileType = "wrapper.app-extension"; includeInIndex = 0; path = "WikiMessage MessagesExtension.appex"; sourceTree = BUILT_PRODUCTS_DIR; };
		7431DD601FE19E7900AFD512 /* Messages.framework */ = {isa = PBXFileReference; lastKnownFileType = wrapper.framework; name = Messages.framework; path = System/Library/Frameworks/Messages.framework; sourceTree = SDKROOT; };
		7431DD631FE19E7900AFD512 /* MessagesViewController.swift */ = {isa = PBXFileReference; lastKnownFileType = sourcecode.swift; path = MessagesViewController.swift; sourceTree = "<group>"; };
		7431DD661FE19E7900AFD512 /* Base */ = {isa = PBXFileReference; lastKnownFileType = file.storyboard; name = Base; path = Base.lproj/MainInterface.storyboard; sourceTree = "<group>"; };
		7431DD681FE19E7900AFD512 /* Assets.xcassets */ = {isa = PBXFileReference; lastKnownFileType = folder.assetcatalog; path = Assets.xcassets; sourceTree = "<group>"; };
		7431DD6A1FE19E7900AFD512 /* Info.plist */ = {isa = PBXFileReference; lastKnownFileType = text.plist.xml; path = Info.plist; sourceTree = "<group>"; };
/* End PBXFileReference section */

/* Begin PBXFrameworksBuildPhase section */
		7431DD581FE19E7900AFD512 /* Frameworks */ = {
			isa = PBXFrameworksBuildPhase;
			buildActionMask = 2147483647;
			files = (
				7421BFC01FF2EBBA00BD327F /* Marshal.framework in Frameworks */,
				7431DD611FE19E7900AFD512 /* Messages.framework in Frameworks */,
			);
			runOnlyForDeploymentPostprocessing = 0;
		};
/* End PBXFrameworksBuildPhase section */

/* Begin PBXGroup section */
		7431DD4A1FE19E7800AFD512 = {
			isa = PBXGroup;
			children = (
				7431DD531FE19E7800AFD512 /* WikiMessage */,
				7431DD621FE19E7900AFD512 /* WikiMessage MessagesExtension */,
				7431DD5F1FE19E7900AFD512 /* Frameworks */,
				7431DD521FE19E7800AFD512 /* Products */,
			);
			sourceTree = "<group>";
			usesTabs = 1;
		};
		7431DD521FE19E7800AFD512 /* Products */ = {
			isa = PBXGroup;
			children = (
				7431DD511FE19E7800AFD512 /* WikiMessage.app */,
				7431DD5B1FE19E7900AFD512 /* WikiMessage MessagesExtension.appex */,
			);
			name = Products;
			sourceTree = "<group>";
		};
		7431DD531FE19E7800AFD512 /* WikiMessage */ = {
			isa = PBXGroup;
			children = (
				7431DD541FE19E7800AFD512 /* Assets.xcassets */,
				7431DD561FE19E7800AFD512 /* Info.plist */,
			);
			path = WikiMessage;
			sourceTree = "<group>";
		};
		7431DD5F1FE19E7900AFD512 /* Frameworks */ = {
			isa = PBXGroup;
			children = (
				7421BFBF1FF2EBBA00BD327F /* Marshal.framework */,
				7431DD601FE19E7900AFD512 /* Messages.framework */,
			);
			name = Frameworks;
			sourceTree = "<group>";
		};
		7431DD621FE19E7900AFD512 /* WikiMessage MessagesExtension */ = {
			isa = PBXGroup;
			children = (
				7431DD631FE19E7900AFD512 /* MessagesViewController.swift */,
				742CEADA1FEC811200E6B601 /* WikipediaArticle.swift */,
				7431DD651FE19E7900AFD512 /* MainInterface.storyboard */,
				7431DD681FE19E7900AFD512 /* Assets.xcassets */,
				7431DD6A1FE19E7900AFD512 /* Info.plist */,
			);
			path = "WikiMessage MessagesExtension";
			sourceTree = "<group>";
		};
/* End PBXGroup section */

/* Begin PBXNativeTarget section */
		7431DD501FE19E7800AFD512 /* WikiMessage */ = {
			isa = PBXNativeTarget;
			buildConfigurationList = 7431DD711FE19E7900AFD512 /* Build configuration list for PBXNativeTarget "WikiMessage" */;
			buildPhases = (
				7431DD4F1FE19E7800AFD512 /* Resources */,
				7431DD701FE19E7900AFD512 /* Embed App Extensions */,
			);
			buildRules = (
			);
			dependencies = (
				7431DD5E1FE19E7900AFD512 /* PBXTargetDependency */,
			);
			name = WikiMessage;
			productName = WikiMessage;
			productReference = 7431DD511FE19E7800AFD512 /* WikiMessage.app */;
			productType = "com.apple.product-type.application.messages";
		};
		7431DD5A1FE19E7900AFD512 /* WikiMessage MessagesExtension */ = {
			isa = PBXNativeTarget;
			buildConfigurationList = 7431DD6D1FE19E7900AFD512 /* Build configuration list for PBXNativeTarget "WikiMessage MessagesExtension" */;
			buildPhases = (
				7431DD571FE19E7900AFD512 /* Sources */,
				7431DD581FE19E7900AFD512 /* Frameworks */,
				7431DD591FE19E7900AFD512 /* Resources */,
				7401FD571FE9CCB600E1C92C /* ShellScript */,
			);
			buildRules = (
			);
			dependencies = (
			);
			name = "WikiMessage MessagesExtension";
			productName = "WikiMessage MessagesExtension";
			productReference = 7431DD5B1FE19E7900AFD512 /* WikiMessage MessagesExtension.appex */;
			productType = "com.apple.product-type.app-extension.messages";
		};
/* End PBXNativeTarget section */

/* Begin PBXProject section */
		7431DD4B1FE19E7800AFD512 /* Project object */ = {
			isa = PBXProject;
			attributes = {
				LastSwiftUpdateCheck = 0920;
				LastUpgradeCheck = 0920;
				ORGANIZATIONNAME = "Tim Fall";
				TargetAttributes = {
					7431DD501FE19E7800AFD512 = {
						CreatedOnToolsVersion = 9.2;
						ProvisioningStyle = Automatic;
					};
					7431DD5A1FE19E7900AFD512 = {
						CreatedOnToolsVersion = 9.2;
						ProvisioningStyle = Automatic;
					};
				};
			};
			buildConfigurationList = 7431DD4E1FE19E7800AFD512 /* Build configuration list for PBXProject "WikiMessage" */;
			compatibilityVersion = "Xcode 8.0";
			developmentRegion = en;
			hasScannedForEncodings = 0;
			knownRegions = (
				en,
				Base,
			);
			mainGroup = 7431DD4A1FE19E7800AFD512;
			productRefGroup = 7431DD521FE19E7800AFD512 /* Products */;
			projectDirPath = "";
			projectRoot = "";
			targets = (
				7431DD501FE19E7800AFD512 /* WikiMessage */,
				7431DD5A1FE19E7900AFD512 /* WikiMessage MessagesExtension */,
			);
		};
/* End PBXProject section */

/* Begin PBXResourcesBuildPhase section */
		7431DD4F1FE19E7800AFD512 /* Resources */ = {
			isa = PBXResourcesBuildPhase;
			buildActionMask = 2147483647;
			files = (
				7431DD551FE19E7800AFD512 /* Assets.xcassets in Resources */,
			);
			runOnlyForDeploymentPostprocessing = 0;
		};
		7431DD591FE19E7900AFD512 /* Resources */ = {
			isa = PBXResourcesBuildPhase;
			buildActionMask = 2147483647;
			files = (
				7431DD691FE19E7900AFD512 /* Assets.xcassets in Resources */,
				7431DD671FE19E7900AFD512 /* MainInterface.storyboard in Resources */,
			);
			runOnlyForDeploymentPostprocessing = 0;
		};
/* End PBXResourcesBuildPhase section */

/* Begin PBXShellScriptBuildPhase section */
		7401FD571FE9CCB600E1C92C /* ShellScript */ = {
			isa = PBXShellScriptBuildPhase;
			buildActionMask = 2147483647;
			files = (
			);
			inputPaths = (
				"$(SRCROOT)/Carthage/Build/iOS/Marshal.framework",
			);
			outputPaths = (
				"$(DERIVED_FILE_DIR)/Marshal.framework",
			);
			runOnlyForDeploymentPostprocessing = 0;
			shellPath = /bin/sh;
			shellScript = "/usr/local/bin/carthage copy-frameworks";
		};
/* End PBXShellScriptBuildPhase section */

/* Begin PBXSourcesBuildPhase section */
		7431DD571FE19E7900AFD512 /* Sources */ = {
			isa = PBXSourcesBuildPhase;
			buildActionMask = 2147483647;
			files = (
				742CEADB1FEC811200E6B601 /* WikipediaArticle.swift in Sources */,
				7431DD641FE19E7900AFD512 /* MessagesViewController.swift in Sources */,
			);
			runOnlyForDeploymentPostprocessing = 0;
		};
/* End PBXSourcesBuildPhase section */

/* Begin PBXTargetDependency section */
		7431DD5E1FE19E7900AFD512 /* PBXTargetDependency */ = {
			isa = PBXTargetDependency;
			target = 7431DD5A1FE19E7900AFD512 /* WikiMessage MessagesExtension */;
			targetProxy = 7431DD5D1FE19E7900AFD512 /* PBXContainerItemProxy */;
		};
/* End PBXTargetDependency section */

/* Begin PBXVariantGroup section */
		7431DD651FE19E7900AFD512 /* MainInterface.storyboard */ = {
			isa = PBXVariantGroup;
			children = (
				7431DD661FE19E7900AFD512 /* Base */,
			);
			name = MainInterface.storyboard;
			sourceTree = "<group>";
		};
/* End PBXVariantGroup section */

/* Begin XCBuildConfiguration section */
		7431DD6B1FE19E7900AFD512 /* Debug */ = {
			isa = XCBuildConfiguration;
			buildSettings = {
				ALWAYS_SEARCH_USER_PATHS = NO;
				CLANG_ANALYZER_NONNULL = YES;
				CLANG_ANALYZER_NUMBER_OBJECT_CONVERSION = YES_AGGRESSIVE;
				CLANG_CXX_LANGUAGE_STANDARD = "gnu++14";
				CLANG_CXX_LIBRARY = "libc++";
				CLANG_ENABLE_MODULES = YES;
				CLANG_ENABLE_OBJC_ARC = YES;
				CLANG_WARN_BLOCK_CAPTURE_AUTORELEASING = YES;
				CLANG_WARN_BOOL_CONVERSION = YES;
				CLANG_WARN_COMMA = YES;
				CLANG_WARN_CONSTANT_CONVERSION = YES;
				CLANG_WARN_DIRECT_OBJC_ISA_USAGE = YES_ERROR;
				CLANG_WARN_DOCUMENTATION_COMMENTS = YES;
				CLANG_WARN_EMPTY_BODY = YES;
				CLANG_WARN_ENUM_CONVERSION = YES;
				CLANG_WARN_INFINITE_RECURSION = YES;
				CLANG_WARN_INT_CONVERSION = YES;
				CLANG_WARN_NON_LITERAL_NULL_CONVERSION = YES;
				CLANG_WARN_OBJC_LITERAL_CONVERSION = YES;
				CLANG_WARN_OBJC_ROOT_CLASS = YES_ERROR;
				CLANG_WARN_RANGE_LOOP_ANALYSIS = YES;
				CLANG_WARN_STRICT_PROTOTYPES = YES;
				CLANG_WARN_SUSPICIOUS_MOVE = YES;
				CLANG_WARN_UNGUARDED_AVAILABILITY = YES_AGGRESSIVE;
				CLANG_WARN_UNREACHABLE_CODE = YES;
				CLANG_WARN__DUPLICATE_METHOD_MATCH = YES;
				CODE_SIGN_IDENTITY = "iPhone Developer";
				COPY_PHASE_STRIP = NO;
				DEBUG_INFORMATION_FORMAT = dwarf;
				ENABLE_STRICT_OBJC_MSGSEND = YES;
				ENABLE_TESTABILITY = YES;
				GCC_C_LANGUAGE_STANDARD = gnu11;
				GCC_DYNAMIC_NO_PIC = NO;
				GCC_NO_COMMON_BLOCKS = YES;
				GCC_OPTIMIZATION_LEVEL = 0;
				GCC_PREPROCESSOR_DEFINITIONS = (
					"DEBUG=1",
					"$(inherited)",
				);
				GCC_WARN_64_TO_32_BIT_CONVERSION = YES;
				GCC_WARN_ABOUT_RETURN_TYPE = YES_ERROR;
				GCC_WARN_UNDECLARED_SELECTOR = YES;
				GCC_WARN_UNINITIALIZED_AUTOS = YES_AGGRESSIVE;
				GCC_WARN_UNUSED_FUNCTION = YES;
				GCC_WARN_UNUSED_VARIABLE = YES;
				IPHONEOS_DEPLOYMENT_TARGET = 11.2;
				MTL_ENABLE_DEBUG_INFO = YES;
				ONLY_ACTIVE_ARCH = YES;
				SDKROOT = iphoneos;
				SWIFT_ACTIVE_COMPILATION_CONDITIONS = DEBUG;
				SWIFT_OPTIMIZATION_LEVEL = "-Onone";
			};
			name = Debug;
		};
		7431DD6C1FE19E7900AFD512 /* Release */ = {
			isa = XCBuildConfiguration;
			buildSettings = {
				ALWAYS_SEARCH_USER_PATHS = NO;
				CLANG_ANALYZER_NONNULL = YES;
				CLANG_ANALYZER_NUMBER_OBJECT_CONVERSION = YES_AGGRESSIVE;
				CLANG_CXX_LANGUAGE_STANDARD = "gnu++14";
				CLANG_CXX_LIBRARY = "libc++";
				CLANG_ENABLE_MODULES = YES;
				CLANG_ENABLE_OBJC_ARC = YES;
				CLANG_WARN_BLOCK_CAPTURE_AUTORELEASING = YES;
				CLANG_WARN_BOOL_CONVERSION = YES;
				CLANG_WARN_COMMA = YES;
				CLANG_WARN_CONSTANT_CONVERSION = YES;
				CLANG_WARN_DIRECT_OBJC_ISA_USAGE = YES_ERROR;
				CLANG_WARN_DOCUMENTATION_COMMENTS = YES;
				CLANG_WARN_EMPTY_BODY = YES;
				CLANG_WARN_ENUM_CONVERSION = YES;
				CLANG_WARN_INFINITE_RECURSION = YES;
				CLANG_WARN_INT_CONVERSION = YES;
				CLANG_WARN_NON_LITERAL_NULL_CONVERSION = YES;
				CLANG_WARN_OBJC_LITERAL_CONVERSION = YES;
				CLANG_WARN_OBJC_ROOT_CLASS = YES_ERROR;
				CLANG_WARN_RANGE_LOOP_ANALYSIS = YES;
				CLANG_WARN_STRICT_PROTOTYPES = YES;
				CLANG_WARN_SUSPICIOUS_MOVE = YES;
				CLANG_WARN_UNGUARDED_AVAILABILITY = YES_AGGRESSIVE;
				CLANG_WARN_UNREACHABLE_CODE = YES;
				CLANG_WARN__DUPLICATE_METHOD_MATCH = YES;
				CODE_SIGN_IDENTITY = "iPhone Developer";
				COPY_PHASE_STRIP = NO;
				DEBUG_INFORMATION_FORMAT = "dwarf-with-dsym";
				ENABLE_NS_ASSERTIONS = NO;
				ENABLE_STRICT_OBJC_MSGSEND = YES;
				GCC_C_LANGUAGE_STANDARD = gnu11;
				GCC_NO_COMMON_BLOCKS = YES;
				GCC_WARN_64_TO_32_BIT_CONVERSION = YES;
				GCC_WARN_ABOUT_RETURN_TYPE = YES_ERROR;
				GCC_WARN_UNDECLARED_SELECTOR = YES;
				GCC_WARN_UNINITIALIZED_AUTOS = YES_AGGRESSIVE;
				GCC_WARN_UNUSED_FUNCTION = YES;
				GCC_WARN_UNUSED_VARIABLE = YES;
				IPHONEOS_DEPLOYMENT_TARGET = 11.2;
				MTL_ENABLE_DEBUG_INFO = NO;
				SDKROOT = iphoneos;
				SWIFT_OPTIMIZATION_LEVEL = "-Owholemodule";
				VALIDATE_PRODUCT = YES;
			};
			name = Release;
		};
		7431DD6E1FE19E7900AFD512 /* Debug */ = {
			isa = XCBuildConfiguration;
			buildSettings = {
				ASSETCATALOG_COMPILER_APPICON_NAME = "iMessage App Icon";
				CODE_SIGN_STYLE = Automatic;
				DEVELOPMENT_TEAM = T5VJ9JRCNB;
				FRAMEWORK_SEARCH_PATHS = (
					"$(inherited)",
					"$(PROJECT_DIR)/Carthage/Build/iOS",
					"$(PROJECT_DIR)/Carthage/Build/Mac",
				);
				INFOPLIST_FILE = "WikiMessage MessagesExtension/Info.plist";
				LD_RUNPATH_SEARCH_PATHS = "$(inherited) @executable_path/Frameworks @executable_path/../../Frameworks";
				PRODUCT_BUNDLE_IDENTIFIER = timfall.WikiMessage.MessagesExtension;
				PRODUCT_NAME = "$(TARGET_NAME)";
				SKIP_INSTALL = YES;
				SWIFT_VERSION = 4.0;
				TARGETED_DEVICE_FAMILY = "1,2";
			};
			name = Debug;
		};
		7431DD6F1FE19E7900AFD512 /* Release */ = {
			isa = XCBuildConfiguration;
			buildSettings = {
				ASSETCATALOG_COMPILER_APPICON_NAME = "iMessage App Icon";
				CODE_SIGN_STYLE = Automatic;
				DEVELOPMENT_TEAM = T5VJ9JRCNB;
				FRAMEWORK_SEARCH_PATHS = (
					"$(inherited)",
					"$(PROJECT_DIR)/Carthage/Build/iOS",
					"$(PROJECT_DIR)/Carthage/Build/Mac",
				);
				INFOPLIST_FILE = "WikiMessage MessagesExtension/Info.plist";
				LD_RUNPATH_SEARCH_PATHS = "$(inherited) @executable_path/Frameworks @executable_path/../../Frameworks";
				PRODUCT_BUNDLE_IDENTIFIER = timfall.WikiMessage.MessagesExtension;
				PRODUCT_NAME = "$(TARGET_NAME)";
				SKIP_INSTALL = YES;
				SWIFT_VERSION = 4.0;
				TARGETED_DEVICE_FAMILY = "1,2";
			};
			name = Release;
		};
		7431DD721FE19E7900AFD512 /* Debug */ = {
			isa = XCBuildConfiguration;
			buildSettings = {
				ALWAYS_EMBED_SWIFT_STANDARD_LIBRARIES = YES;
				APPLICATION_EXTENSION_API_ONLY = YES;
				ASSETCATALOG_COMPILER_APPICON_NAME = AppIcon;
				CODE_SIGN_STYLE = Automatic;
				DEVELOPMENT_TEAM = T5VJ9JRCNB;
				INFOPLIST_FILE = WikiMessage/Info.plist;
				PRODUCT_BUNDLE_IDENTIFIER = timfall.WikiMessage;
				PRODUCT_NAME = "$(TARGET_NAME)";
				SWIFT_VERSION = 4.0;
				TARGETED_DEVICE_FAMILY = "1,2";
			};
			name = Debug;
		};
		7431DD731FE19E7900AFD512 /* Release */ = {
			isa = XCBuildConfiguration;
			buildSettings = {
				ALWAYS_EMBED_SWIFT_STANDARD_LIBRARIES = YES;
				APPLICATION_EXTENSION_API_ONLY = YES;
				ASSETCATALOG_COMPILER_APPICON_NAME = AppIcon;
				CODE_SIGN_STYLE = Automatic;
				DEVELOPMENT_TEAM = T5VJ9JRCNB;
				INFOPLIST_FILE = WikiMessage/Info.plist;
				PRODUCT_BUNDLE_IDENTIFIER = timfall.WikiMessage;
				PRODUCT_NAME = "$(TARGET_NAME)";
				SWIFT_VERSION = 4.0;
				TARGETED_DEVICE_FAMILY = "1,2";
			};
			name = Release;
		};
/* End XCBuildConfiguration section */

/* Begin XCConfigurationList section */
		7431DD4E1FE19E7800AFD512 /* Build configuration list for PBXProject "WikiMessage" */ = {
			isa = XCConfigurationList;
			buildConfigurations = (
				7431DD6B1FE19E7900AFD512 /* Debug */,
				7431DD6C1FE19E7900AFD512 /* Release */,
			);
			defaultConfigurationIsVisible = 0;
			defaultConfigurationName = Release;
		};
		7431DD6D1FE19E7900AFD512 /* Build configuration list for PBXNativeTarget "WikiMessage MessagesExtension" */ = {
			isa = XCConfigurationList;
			buildConfigurations = (
				7431DD6E1FE19E7900AFD512 /* Debug */,
				7431DD6F1FE19E7900AFD512 /* Release */,
			);
			defaultConfigurationIsVisible = 0;
			defaultConfigurationName = Release;
		};
		7431DD711FE19E7900AFD512 /* Build configuration list for PBXNativeTarget "WikiMessage" */ = {
			isa = XCConfigurationList;
			buildConfigurations = (
				7431DD721FE19E7900AFD512 /* Debug */,
				7431DD731FE19E7900AFD512 /* Release */,
			);
			defaultConfigurationIsVisible = 0;
			defaultConfigurationName = Release;
		};
/* End XCConfigurationList section */
	};
	rootObject = 7431DD4B1FE19E7800AFD512 /* Project object */;
}
